// !$*UTF8*$!
{
	archiveVersion = 1;
	classes = {
	};
	objectVersion = 56;
	objects = {

/* Begin PBXBuildFile section */
		CD015C7B2D186969000E6F7E /* ToDoListApp.swift in Sources */ = {isa = PBXBuildFile; fileRef = CD015C7A2D186969000E6F7E /* ToDoListApp.swift */; };
		CD015C7D2D186969000E6F7E /* MainView.swift in Sources */ = {isa = PBXBuildFile; fileRef = CD015C7C2D186969000E6F7E /* MainView.swift */; };
		CD015C7F2D18696C000E6F7E /* Assets.xcassets in Resources */ = {isa = PBXBuildFile; fileRef = CD015C7E2D18696C000E6F7E /* Assets.xcassets */; };
		CD015C822D18696C000E6F7E /* Preview Assets.xcassets in Resources */ = {isa = PBXBuildFile; fileRef = CD015C812D18696C000E6F7E /* Preview Assets.xcassets */; };
		CD015C8C2D18696C000E6F7E /* ToDoListTests.swift in Sources */ = {isa = PBXBuildFile; fileRef = CD015C8B2D18696C000E6F7E /* ToDoListTests.swift */; };
		CD015C962D18696C000E6F7E /* ToDoListUITests.swift in Sources */ = {isa = PBXBuildFile; fileRef = CD015C952D18696C000E6F7E /* ToDoListUITests.swift */; };
		CD015C982D18696C000E6F7E /* ToDoListUITestsLaunchTests.swift in Sources */ = {isa = PBXBuildFile; fileRef = CD015C972D18696C000E6F7E /* ToDoListUITestsLaunchTests.swift */; };
		CD015CA62D186F94000E6F7E /* FirebaseAuth in Frameworks */ = {isa = PBXBuildFile; productRef = CD015CA52D186F94000E6F7E /* FirebaseAuth */; };
		CD015CA82D186F94000E6F7E /* FirebaseFirestore in Frameworks */ = {isa = PBXBuildFile; productRef = CD015CA72D186F94000E6F7E /* FirebaseFirestore */; };
		CD015CAA2D186F94000E6F7E /* FirebaseFirestoreSwift in Frameworks */ = {isa = PBXBuildFile; productRef = CD015CA92D186F94000E6F7E /* FirebaseFirestoreSwift */; };
		CD015CAC2D18721A000E6F7E /* GoogleService-Info.plist in Resources */ = {isa = PBXBuildFile; fileRef = CD015CAB2D187219000E6F7E /* GoogleService-Info.plist */; };
		CD07DFA42D18B7EC00F484F4 /* TLButton.swift in Sources */ = {isa = PBXBuildFile; fileRef = CD07DFA32D18B7EC00F484F4 /* TLButton.swift */; };
		CD0F166B2D1B02EB00510F63 /* Extensions.swift in Sources */ = {isa = PBXBuildFile; fileRef = CD0F166A2D1B02EB00510F63 /* Extensions.swift */; };
		CD8DF08D2D187C6C00282885 /* ProfileView.swift in Sources */ = {isa = PBXBuildFile; fileRef = CD8DF08C2D187C6C00282885 /* ProfileView.swift */; };
		CD8DF08F2D187C8E00282885 /* ToDoListView.swift in Sources */ = {isa = PBXBuildFile; fileRef = CD8DF08E2D187C8E00282885 /* ToDoListView.swift */; };
		CD8DF0912D187CA700282885 /* NewItemView.swift in Sources */ = {isa = PBXBuildFile; fileRef = CD8DF0902D187CA700282885 /* NewItemView.swift */; };
		CD8DF0932D187CD700282885 /* LoginView.swift in Sources */ = {isa = PBXBuildFile; fileRef = CD8DF0922D187CD700282885 /* LoginView.swift */; };
		CD8DF0952D187D0300282885 /* RegisterView.swift in Sources */ = {isa = PBXBuildFile; fileRef = CD8DF0942D187D0300282885 /* RegisterView.swift */; };
		CD8DF0972D187D9E00282885 /* ToDoListItemView.swift in Sources */ = {isa = PBXBuildFile; fileRef = CD8DF0962D187D9E00282885 /* ToDoListItemView.swift */; };
		CD8DF0992D187DD700282885 /* User.swift in Sources */ = {isa = PBXBuildFile; fileRef = CD8DF0982D187DD700282885 /* User.swift */; };
		CD8DF09B2D187E0200282885 /* ToDoListItem.swift in Sources */ = {isa = PBXBuildFile; fileRef = CD8DF09A2D187E0200282885 /* ToDoListItem.swift */; };
		CD8DF09D2D187E5C00282885 /* MainViewViewModel.swift in Sources */ = {isa = PBXBuildFile; fileRef = CD8DF09C2D187E5C00282885 /* MainViewViewModel.swift */; };
		CD8DF09F2D187E7200282885 /* ProfileViewViewModel.swift in Sources */ = {isa = PBXBuildFile; fileRef = CD8DF09E2D187E7200282885 /* ProfileViewViewModel.swift */; };
		CD8DF0A12D187EA600282885 /* ToDoListViewViewModel.swift in Sources */ = {isa = PBXBuildFile; fileRef = CD8DF0A02D187EA600282885 /* ToDoListViewViewModel.swift */; };
		CD8DF0A32D187ECF00282885 /* NewItemViewViewModel.swift in Sources */ = {isa = PBXBuildFile; fileRef = CD8DF0A22D187ECF00282885 /* NewItemViewViewModel.swift */; };
		CD8DF0A52D187EEB00282885 /* LoginViewViewModel.swift in Sources */ = {isa = PBXBuildFile; fileRef = CD8DF0A42D187EEB00282885 /* LoginViewViewModel.swift */; };
		CD8DF0A72D187F1200282885 /* RegisterViewViewModel.swift in Sources */ = {isa = PBXBuildFile; fileRef = CD8DF0A62D187F1200282885 /* RegisterViewViewModel.swift */; };
		CD8DF0A92D187F4300282885 /* ToDoListItemViewViewModel.swift in Sources */ = {isa = PBXBuildFile; fileRef = CD8DF0A82D187F4300282885 /* ToDoListItemViewViewModel.swift */; };
		CD8DF0AB2D18856400282885 /* HeaderView.swift in Sources */ = {isa = PBXBuildFile; fileRef = CD8DF0AA2D18856400282885 /* HeaderView.swift */; };
/* End PBXBuildFile section */

/* Begin PBXContainerItemProxy section */
		CD015C882D18696C000E6F7E /* PBXContainerItemProxy */ = {
			isa = PBXContainerItemProxy;
			containerPortal = CD015C6F2D186969000E6F7E /* Project object */;
			proxyType = 1;
			remoteGlobalIDString = CD015C762D186969000E6F7E;
			remoteInfo = ToDoList;
		};
		CD015C922D18696C000E6F7E /* PBXContainerItemProxy */ = {
			isa = PBXContainerItemProxy;
			containerPortal = CD015C6F2D186969000E6F7E /* Project object */;
			proxyType = 1;
			remoteGlobalIDString = CD015C762D186969000E6F7E;
			remoteInfo = ToDoList;
		};
/* End PBXContainerItemProxy section */

/* Begin PBXFileReference section */
		CD015C772D186969000E6F7E /* ToDoList.app */ = {isa = PBXFileReference; explicitFileType = wrapper.application; includeInIndex = 0; path = ToDoList.app; sourceTree = BUILT_PRODUCTS_DIR; };
		CD015C7A2D186969000E6F7E /* ToDoListApp.swift */ = {isa = PBXFileReference; lastKnownFileType = sourcecode.swift; path = ToDoListApp.swift; sourceTree = "<group>"; };
		CD015C7C2D186969000E6F7E /* MainView.swift */ = {isa = PBXFileReference; lastKnownFileType = sourcecode.swift; path = MainView.swift; sourceTree = "<group>"; };
		CD015C7E2D18696C000E6F7E /* Assets.xcassets */ = {isa = PBXFileReference; lastKnownFileType = folder.assetcatalog; path = Assets.xcassets; sourceTree = "<group>"; };
		CD015C812D18696C000E6F7E /* Preview Assets.xcassets */ = {isa = PBXFileReference; lastKnownFileType = folder.assetcatalog; path = "Preview Assets.xcassets"; sourceTree = "<group>"; };
		CD015C872D18696C000E6F7E /* ToDoListTests.xctest */ = {isa = PBXFileReference; explicitFileType = wrapper.cfbundle; includeInIndex = 0; path = ToDoListTests.xctest; sourceTree = BUILT_PRODUCTS_DIR; };
		CD015C8B2D18696C000E6F7E /* ToDoListTests.swift */ = {isa = PBXFileReference; lastKnownFileType = sourcecode.swift; path = ToDoListTests.swift; sourceTree = "<group>"; };
		CD015C912D18696C000E6F7E /* ToDoListUITests.xctest */ = {isa = PBXFileReference; explicitFileType = wrapper.cfbundle; includeInIndex = 0; path = ToDoListUITests.xctest; sourceTree = BUILT_PRODUCTS_DIR; };
		CD015C952D18696C000E6F7E /* ToDoListUITests.swift */ = {isa = PBXFileReference; lastKnownFileType = sourcecode.swift; path = ToDoListUITests.swift; sourceTree = "<group>"; };
		CD015C972D18696C000E6F7E /* ToDoListUITestsLaunchTests.swift */ = {isa = PBXFileReference; lastKnownFileType = sourcecode.swift; path = ToDoListUITestsLaunchTests.swift; sourceTree = "<group>"; };
		CD015CAB2D187219000E6F7E /* GoogleService-Info.plist */ = {isa = PBXFileReference; fileEncoding = 4; lastKnownFileType = text.plist.xml; path = "GoogleService-Info.plist"; sourceTree = "<group>"; };
		CD07DFA32D18B7EC00F484F4 /* TLButton.swift */ = {isa = PBXFileReference; lastKnownFileType = sourcecode.swift; path = TLButton.swift; sourceTree = "<group>"; };
		CD0F166A2D1B02EB00510F63 /* Extensions.swift */ = {isa = PBXFileReference; lastKnownFileType = sourcecode.swift; path = Extensions.swift; sourceTree = "<group>"; };
		CD8DF08C2D187C6C00282885 /* ProfileView.swift */ = {isa = PBXFileReference; lastKnownFileType = sourcecode.swift; path = ProfileView.swift; sourceTree = "<group>"; };
		CD8DF08E2D187C8E00282885 /* ToDoListView.swift */ = {isa = PBXFileReference; lastKnownFileType = sourcecode.swift; path = ToDoListView.swift; sourceTree = "<group>"; };
		CD8DF0902D187CA700282885 /* NewItemView.swift */ = {isa = PBXFileReference; lastKnownFileType = sourcecode.swift; path = NewItemView.swift; sourceTree = "<group>"; };
		CD8DF0922D187CD700282885 /* LoginView.swift */ = {isa = PBXFileReference; lastKnownFileType = sourcecode.swift; path = LoginView.swift; sourceTree = "<group>"; };
		CD8DF0942D187D0300282885 /* RegisterView.swift */ = {isa = PBXFileReference; lastKnownFileType = sourcecode.swift; path = RegisterView.swift; sourceTree = "<group>"; };
		CD8DF0962D187D9E00282885 /* ToDoListItemView.swift */ = {isa = PBXFileReference; lastKnownFileType = sourcecode.swift; path = ToDoListItemView.swift; sourceTree = "<group>"; };
		CD8DF0982D187DD700282885 /* User.swift */ = {isa = PBXFileReference; lastKnownFileType = sourcecode.swift; path = User.swift; sourceTree = "<group>"; };
		CD8DF09A2D187E0200282885 /* ToDoListItem.swift */ = {isa = PBXFileReference; lastKnownFileType = sourcecode.swift; path = ToDoListItem.swift; sourceTree = "<group>"; };
		CD8DF09C2D187E5C00282885 /* MainViewViewModel.swift */ = {isa = PBXFileReference; lastKnownFileType = sourcecode.swift; path = MainViewViewModel.swift; sourceTree = "<group>"; };
		CD8DF09E2D187E7200282885 /* ProfileViewViewModel.swift */ = {isa = PBXFileReference; lastKnownFileType = sourcecode.swift; path = ProfileViewViewModel.swift; sourceTree = "<group>"; };
		CD8DF0A02D187EA600282885 /* ToDoListViewViewModel.swift */ = {isa = PBXFileReference; lastKnownFileType = sourcecode.swift; path = ToDoListViewViewModel.swift; sourceTree = "<group>"; };
		CD8DF0A22D187ECF00282885 /* NewItemViewViewModel.swift */ = {isa = PBXFileReference; lastKnownFileType = sourcecode.swift; path = NewItemViewViewModel.swift; sourceTree = "<group>"; };
		CD8DF0A42D187EEB00282885 /* LoginViewViewModel.swift */ = {isa = PBXFileReference; lastKnownFileType = sourcecode.swift; path = LoginViewViewModel.swift; sourceTree = "<group>"; };
		CD8DF0A62D187F1200282885 /* RegisterViewViewModel.swift */ = {isa = PBXFileReference; lastKnownFileType = sourcecode.swift; path = RegisterViewViewModel.swift; sourceTree = "<group>"; };
		CD8DF0A82D187F4300282885 /* ToDoListItemViewViewModel.swift */ = {isa = PBXFileReference; lastKnownFileType = sourcecode.swift; path = ToDoListItemViewViewModel.swift; sourceTree = "<group>"; };
		CD8DF0AA2D18856400282885 /* HeaderView.swift */ = {isa = PBXFileReference; lastKnownFileType = sourcecode.swift; path = HeaderView.swift; sourceTree = "<group>"; };
/* End PBXFileReference section */

/* Begin PBXFrameworksBuildPhase section */
		CD015C742D186969000E6F7E /* Frameworks */ = {
			isa = PBXFrameworksBuildPhase;
			buildActionMask = 2147483647;
			files = (
				CD015CA62D186F94000E6F7E /* FirebaseAuth in Frameworks */,
				CD015CA82D186F94000E6F7E /* FirebaseFirestore in Frameworks */,
				CD015CAA2D186F94000E6F7E /* FirebaseFirestoreSwift in Frameworks */,
			);
			runOnlyForDeploymentPostprocessing = 0;
		};
		CD015C842D18696C000E6F7E /* Frameworks */ = {
			isa = PBXFrameworksBuildPhase;
			buildActionMask = 2147483647;
			files = (
			);
			runOnlyForDeploymentPostprocessing = 0;
		};
		CD015C8E2D18696C000E6F7E /* Frameworks */ = {
			isa = PBXFrameworksBuildPhase;
			buildActionMask = 2147483647;
			files = (
			);
			runOnlyForDeploymentPostprocessing = 0;
		};
/* End PBXFrameworksBuildPhase section */

/* Begin PBXGroup section */
		CD015C6E2D186969000E6F7E = {
			isa = PBXGroup;
			children = (
				CD015C792D186969000E6F7E /* ToDoList */,
				CD015C8A2D18696C000E6F7E /* ToDoListTests */,
				CD015C942D18696C000E6F7E /* ToDoListUITests */,
				CD015C782D186969000E6F7E /* Products */,
			);
			sourceTree = "<group>";
		};
		CD015C782D186969000E6F7E /* Products */ = {
			isa = PBXGroup;
			children = (
				CD015C772D186969000E6F7E /* ToDoList.app */,
				CD015C872D18696C000E6F7E /* ToDoListTests.xctest */,
				CD015C912D18696C000E6F7E /* ToDoListUITests.xctest */,
			);
			name = Products;
			sourceTree = "<group>";
		};
		CD015C792D186969000E6F7E /* ToDoList */ = {
			isa = PBXGroup;
			children = (
				CD015C7C2D186969000E6F7E /* MainView.swift */,
				CD015CB02D18799F000E6F7E /* Other */,
				CD015CAF2D187976000E6F7E /* Models */,
				CD015CAE2D18794D000E6F7E /* ViewModels */,
				CD015CAD2D18793C000E6F7E /* Views */,
				CD015C802D18696C000E6F7E /* Preview Content */,
			);
			path = ToDoList;
			sourceTree = "<group>";
		};
		CD015C802D18696C000E6F7E /* Preview Content */ = {
			isa = PBXGroup;
			children = (
				CD015C812D18696C000E6F7E /* Preview Assets.xcassets */,
			);
			path = "Preview Content";
			sourceTree = "<group>";
		};
		CD015C8A2D18696C000E6F7E /* ToDoListTests */ = {
			isa = PBXGroup;
			children = (
				CD015C8B2D18696C000E6F7E /* ToDoListTests.swift */,
			);
			path = ToDoListTests;
			sourceTree = "<group>";
		};
		CD015C942D18696C000E6F7E /* ToDoListUITests */ = {
			isa = PBXGroup;
			children = (
				CD015C952D18696C000E6F7E /* ToDoListUITests.swift */,
				CD015C972D18696C000E6F7E /* ToDoListUITestsLaunchTests.swift */,
			);
			path = ToDoListUITests;
			sourceTree = "<group>";
		};
		CD015CAD2D18793C000E6F7E /* Views */ = {
			isa = PBXGroup;
			children = (
				CD8DF08C2D187C6C00282885 /* ProfileView.swift */,
				CD8DF08E2D187C8E00282885 /* ToDoListView.swift */,
				CD8DF0902D187CA700282885 /* NewItemView.swift */,
				CD8DF0922D187CD700282885 /* LoginView.swift */,
				CD8DF0942D187D0300282885 /* RegisterView.swift */,
				CD8DF0962D187D9E00282885 /* ToDoListItemView.swift */,
				CD8DF0AA2D18856400282885 /* HeaderView.swift */,
				CD07DFA32D18B7EC00F484F4 /* TLButton.swift */,
			);
			path = Views;
			sourceTree = "<group>";
		};
		CD015CAE2D18794D000E6F7E /* ViewModels */ = {
			isa = PBXGroup;
			children = (
				CD8DF09C2D187E5C00282885 /* MainViewViewModel.swift */,
				CD8DF09E2D187E7200282885 /* ProfileViewViewModel.swift */,
				CD8DF0A02D187EA600282885 /* ToDoListViewViewModel.swift */,
				CD8DF0A22D187ECF00282885 /* NewItemViewViewModel.swift */,
				CD8DF0A42D187EEB00282885 /* LoginViewViewModel.swift */,
				CD8DF0A62D187F1200282885 /* RegisterViewViewModel.swift */,
				CD8DF0A82D187F4300282885 /* ToDoListItemViewViewModel.swift */,
			);
			path = ViewModels;
			sourceTree = "<group>";
		};
		CD015CAF2D187976000E6F7E /* Models */ = {
			isa = PBXGroup;
			children = (
				CD8DF0982D187DD700282885 /* User.swift */,
				CD8DF09A2D187E0200282885 /* ToDoListItem.swift */,
			);
			path = Models;
			sourceTree = "<group>";
		};
		CD015CB02D18799F000E6F7E /* Other */ = {
			isa = PBXGroup;
			children = (
				CD015CAB2D187219000E6F7E /* GoogleService-Info.plist */,
				CD015C7A2D186969000E6F7E /* ToDoListApp.swift */,
				CD015C7E2D18696C000E6F7E /* Assets.xcassets */,
				CD0F166A2D1B02EB00510F63 /* Extensions.swift */,
			);
			path = Other;
			sourceTree = "<group>";
		};
/* End PBXGroup section */

/* Begin PBXNativeTarget section */
		CD015C762D186969000E6F7E /* ToDoList */ = {
			isa = PBXNativeTarget;
			buildConfigurationList = CD015C9B2D18696C000E6F7E /* Build configuration list for PBXNativeTarget "ToDoList" */;
			buildPhases = (
				CD015C732D186969000E6F7E /* Sources */,
				CD015C742D186969000E6F7E /* Frameworks */,
				CD015C752D186969000E6F7E /* Resources */,
			);
			buildRules = (
			);
			dependencies = (
			);
			name = ToDoList;
			packageProductDependencies = (
				CD015CA52D186F94000E6F7E /* FirebaseAuth */,
				CD015CA72D186F94000E6F7E /* FirebaseFirestore */,
				CD015CA92D186F94000E6F7E /* FirebaseFirestoreSwift */,
			);
			productName = ToDoList;
			productReference = CD015C772D186969000E6F7E /* ToDoList.app */;
			productType = "com.apple.product-type.application";
		};
		CD015C862D18696C000E6F7E /* ToDoListTests */ = {
			isa = PBXNativeTarget;
			buildConfigurationList = CD015C9E2D18696C000E6F7E /* Build configuration list for PBXNativeTarget "ToDoListTests" */;
			buildPhases = (
				CD015C832D18696C000E6F7E /* Sources */,
				CD015C842D18696C000E6F7E /* Frameworks */,
				CD015C852D18696C000E6F7E /* Resources */,
			);
			buildRules = (
			);
			dependencies = (
				CD015C892D18696C000E6F7E /* PBXTargetDependency */,
			);
			name = ToDoListTests;
			productName = ToDoListTests;
			productReference = CD015C872D18696C000E6F7E /* ToDoListTests.xctest */;
			productType = "com.apple.product-type.bundle.unit-test";
		};
		CD015C902D18696C000E6F7E /* ToDoListUITests */ = {
			isa = PBXNativeTarget;
			buildConfigurationList = CD015CA12D18696C000E6F7E /* Build configuration list for PBXNativeTarget "ToDoListUITests" */;
			buildPhases = (
				CD015C8D2D18696C000E6F7E /* Sources */,
				CD015C8E2D18696C000E6F7E /* Frameworks */,
				CD015C8F2D18696C000E6F7E /* Resources */,
			);
			buildRules = (
			);
			dependencies = (
				CD015C932D18696C000E6F7E /* PBXTargetDependency */,
			);
			name = ToDoListUITests;
			productName = ToDoListUITests;
			productReference = CD015C912D18696C000E6F7E /* ToDoListUITests.xctest */;
			productType = "com.apple.product-type.bundle.ui-testing";
		};
/* End PBXNativeTarget section */

/* Begin PBXProject section */
		CD015C6F2D186969000E6F7E /* Project object */ = {
			isa = PBXProject;
			attributes = {
				BuildIndependentTargetsInParallel = 1;
				LastSwiftUpdateCheck = 1410;
				LastUpgradeCheck = 1410;
				TargetAttributes = {
					CD015C762D186969000E6F7E = {
						CreatedOnToolsVersion = 14.1;
					};
					CD015C862D18696C000E6F7E = {
						CreatedOnToolsVersion = 14.1;
						TestTargetID = CD015C762D186969000E6F7E;
					};
					CD015C902D18696C000E6F7E = {
						CreatedOnToolsVersion = 14.1;
						TestTargetID = CD015C762D186969000E6F7E;
					};
				};
			};
			buildConfigurationList = CD015C722D186969000E6F7E /* Build configuration list for PBXProject "ToDoList" */;
			compatibilityVersion = "Xcode 14.0";
			developmentRegion = en;
			hasScannedForEncodings = 0;
			knownRegions = (
				en,
				Base,
			);
			mainGroup = CD015C6E2D186969000E6F7E;
			packageReferences = (
				CD015CA42D186F94000E6F7E /* XCRemoteSwiftPackageReference "firebase-ios-sdk" */,
			);
			productRefGroup = CD015C782D186969000E6F7E /* Products */;
			projectDirPath = "";
			projectRoot = "";
			targets = (
				CD015C762D186969000E6F7E /* ToDoList */,
				CD015C862D18696C000E6F7E /* ToDoListTests */,
				CD015C902D18696C000E6F7E /* ToDoListUITests */,
			);
		};
/* End PBXProject section */

/* Begin PBXResourcesBuildPhase section */
		CD015C752D186969000E6F7E /* Resources */ = {
			isa = PBXResourcesBuildPhase;
			buildActionMask = 2147483647;
			files = (
				CD015C822D18696C000E6F7E /* Preview Assets.xcassets in Resources */,
				CD015C7F2D18696C000E6F7E /* Assets.xcassets in Resources */,
				CD015CAC2D18721A000E6F7E /* GoogleService-Info.plist in Resources */,
			);
			runOnlyForDeploymentPostprocessing = 0;
		};
		CD015C852D18696C000E6F7E /* Resources */ = {
			isa = PBXResourcesBuildPhase;
			buildActionMask = 2147483647;
			files = (
			);
			runOnlyForDeploymentPostprocessing = 0;
		};
		CD015C8F2D18696C000E6F7E /* Resources */ = {
			isa = PBXResourcesBuildPhase;
			buildActionMask = 2147483647;
			files = (
			);
			runOnlyForDeploymentPostprocessing = 0;
		};
/* End PBXResourcesBuildPhase section */

/* Begin PBXSourcesBuildPhase section */
		CD015C732D186969000E6F7E /* Sources */ = {
			isa = PBXSourcesBuildPhase;
			buildActionMask = 2147483647;
			files = (
				CD8DF0932D187CD700282885 /* LoginView.swift in Sources */,
				CD8DF0AB2D18856400282885 /* HeaderView.swift in Sources */,
				CD015C7D2D186969000E6F7E /* MainView.swift in Sources */,
				CD8DF0A72D187F1200282885 /* RegisterViewViewModel.swift in Sources */,
				CD8DF09D2D187E5C00282885 /* MainViewViewModel.swift in Sources */,
				CD8DF08F2D187C8E00282885 /* ToDoListView.swift in Sources */,
				CD8DF0952D187D0300282885 /* RegisterView.swift in Sources */,
				CD07DFA42D18B7EC00F484F4 /* TLButton.swift in Sources */,
				CD8DF09F2D187E7200282885 /* ProfileViewViewModel.swift in Sources */,
				CD8DF08D2D187C6C00282885 /* ProfileView.swift in Sources */,
				CD8DF0992D187DD700282885 /* User.swift in Sources */,
				CD8DF0972D187D9E00282885 /* ToDoListItemView.swift in Sources */,
				CD8DF0A12D187EA600282885 /* ToDoListViewViewModel.swift in Sources */,
				CD8DF0A52D187EEB00282885 /* LoginViewViewModel.swift in Sources */,
				CD015C7B2D186969000E6F7E /* ToDoListApp.swift in Sources */,
				CD0F166B2D1B02EB00510F63 /* Extensions.swift in Sources */,
				CD8DF09B2D187E0200282885 /* ToDoListItem.swift in Sources */,
				CD8DF0912D187CA700282885 /* NewItemView.swift in Sources */,
				CD8DF0A32D187ECF00282885 /* NewItemViewViewModel.swift in Sources */,
				CD8DF0A92D187F4300282885 /* ToDoListItemViewViewModel.swift in Sources */,
			);
			runOnlyForDeploymentPostprocessing = 0;
		};
		CD015C832D18696C000E6F7E /* Sources */ = {
			isa = PBXSourcesBuildPhase;
			buildActionMask = 2147483647;
			files = (
				CD015C8C2D18696C000E6F7E /* ToDoListTests.swift in Sources */,
			);
			runOnlyForDeploymentPostprocessing = 0;
		};
		CD015C8D2D18696C000E6F7E /* Sources */ = {
			isa = PBXSourcesBuildPhase;
			buildActionMask = 2147483647;
			files = (
				CD015C982D18696C000E6F7E /* ToDoListUITestsLaunchTests.swift in Sources */,
				CD015C962D18696C000E6F7E /* ToDoListUITests.swift in Sources */,
			);
			runOnlyForDeploymentPostprocessing = 0;
		};
/* End PBXSourcesBuildPhase section */

/* Begin PBXTargetDependency section */
		CD015C892D18696C000E6F7E /* PBXTargetDependency */ = {
			isa = PBXTargetDependency;
			target = CD015C762D186969000E6F7E /* ToDoList */;
			targetProxy = CD015C882D18696C000E6F7E /* PBXContainerItemProxy */;
		};
		CD015C932D18696C000E6F7E /* PBXTargetDependency */ = {
			isa = PBXTargetDependency;
			target = CD015C762D186969000E6F7E /* ToDoList */;
			targetProxy = CD015C922D18696C000E6F7E /* PBXContainerItemProxy */;
		};
/* End PBXTargetDependency section */

/* Begin XCBuildConfiguration section */
		CD015C992D18696C000E6F7E /* Debug */ = {
			isa = XCBuildConfiguration;
			buildSettings = {
				ALWAYS_SEARCH_USER_PATHS = NO;
				CLANG_ANALYZER_NONNULL = YES;
				CLANG_ANALYZER_NUMBER_OBJECT_CONVERSION = YES_AGGRESSIVE;
				CLANG_CXX_LANGUAGE_STANDARD = "gnu++20";
				CLANG_ENABLE_MODULES = YES;
				CLANG_ENABLE_OBJC_ARC = YES;
				CLANG_ENABLE_OBJC_WEAK = YES;
				CLANG_WARN_BLOCK_CAPTURE_AUTORELEASING = YES;
				CLANG_WARN_BOOL_CONVERSION = YES;
				CLANG_WARN_COMMA = YES;
				CLANG_WARN_CONSTANT_CONVERSION = YES;
				CLANG_WARN_DEPRECATED_OBJC_IMPLEMENTATIONS = YES;
				CLANG_WARN_DIRECT_OBJC_ISA_USAGE = YES_ERROR;
				CLANG_WARN_DOCUMENTATION_COMMENTS = YES;
				CLANG_WARN_EMPTY_BODY = YES;
				CLANG_WARN_ENUM_CONVERSION = YES;
				CLANG_WARN_INFINITE_RECURSION = YES;
				CLANG_WARN_INT_CONVERSION = YES;
				CLANG_WARN_NON_LITERAL_NULL_CONVERSION = YES;
				CLANG_WARN_OBJC_IMPLICIT_RETAIN_SELF = YES;
				CLANG_WARN_OBJC_LITERAL_CONVERSION = YES;
				CLANG_WARN_OBJC_ROOT_CLASS = YES_ERROR;
				CLANG_WARN_QUOTED_INCLUDE_IN_FRAMEWORK_HEADER = YES;
				CLANG_WARN_RANGE_LOOP_ANALYSIS = YES;
				CLANG_WARN_STRICT_PROTOTYPES = YES;
				CLANG_WARN_SUSPICIOUS_MOVE = YES;
				CLANG_WARN_UNGUARDED_AVAILABILITY = YES_AGGRESSIVE;
				CLANG_WARN_UNREACHABLE_CODE = YES;
				CLANG_WARN__DUPLICATE_METHOD_MATCH = YES;
				COPY_PHASE_STRIP = NO;
				DEBUG_INFORMATION_FORMAT = dwarf;
				ENABLE_STRICT_OBJC_MSGSEND = YES;
				ENABLE_TESTABILITY = YES;
				GCC_C_LANGUAGE_STANDARD = gnu11;
				GCC_DYNAMIC_NO_PIC = NO;
				GCC_NO_COMMON_BLOCKS = YES;
				GCC_OPTIMIZATION_LEVEL = 0;
				GCC_PREPROCESSOR_DEFINITIONS = (
					"DEBUG=1",
					"$(inherited)",
				);
				GCC_WARN_64_TO_32_BIT_CONVERSION = YES;
				GCC_WARN_ABOUT_RETURN_TYPE = YES_ERROR;
				GCC_WARN_UNDECLARED_SELECTOR = YES;
				GCC_WARN_UNINITIALIZED_AUTOS = YES_AGGRESSIVE;
				GCC_WARN_UNUSED_FUNCTION = YES;
				GCC_WARN_UNUSED_VARIABLE = YES;
				IPHONEOS_DEPLOYMENT_TARGET = 16.1;
				MTL_ENABLE_DEBUG_INFO = INCLUDE_SOURCE;
				MTL_FAST_MATH = YES;
				ONLY_ACTIVE_ARCH = YES;
				SDKROOT = iphoneos;
				SWIFT_ACTIVE_COMPILATION_CONDITIONS = DEBUG;
				SWIFT_OPTIMIZATION_LEVEL = "-Onone";
			};
			name = Debug;
		};
		CD015C9A2D18696C000E6F7E /* Release */ = {
			isa = XCBuildConfiguration;
			buildSettings = {
				ALWAYS_SEARCH_USER_PATHS = NO;
				CLANG_ANALYZER_NONNULL = YES;
				CLANG_ANALYZER_NUMBER_OBJECT_CONVERSION = YES_AGGRESSIVE;
				CLANG_CXX_LANGUAGE_STANDARD = "gnu++20";
				CLANG_ENABLE_MODULES = YES;
				CLANG_ENABLE_OBJC_ARC = YES;
				CLANG_ENABLE_OBJC_WEAK = YES;
				CLANG_WARN_BLOCK_CAPTURE_AUTORELEASING = YES;
				CLANG_WARN_BOOL_CONVERSION = YES;
				CLANG_WARN_COMMA = YES;
				CLANG_WARN_CONSTANT_CONVERSION = YES;
				CLANG_WARN_DEPRECATED_OBJC_IMPLEMENTATIONS = YES;
				CLANG_WARN_DIRECT_OBJC_ISA_USAGE = YES_ERROR;
				CLANG_WARN_DOCUMENTATION_COMMENTS = YES;
				CLANG_WARN_EMPTY_BODY = YES;
				CLANG_WARN_ENUM_CONVERSION = YES;
				CLANG_WARN_INFINITE_RECURSION = YES;
				CLANG_WARN_INT_CONVERSION = YES;
				CLANG_WARN_NON_LITERAL_NULL_CONVERSION = YES;
				CLANG_WARN_OBJC_IMPLICIT_RETAIN_SELF = YES;
				CLANG_WARN_OBJC_LITERAL_CONVERSION = YES;
				CLANG_WARN_OBJC_ROOT_CLASS = YES_ERROR;
				CLANG_WARN_QUOTED_INCLUDE_IN_FRAMEWORK_HEADER = YES;
				CLANG_WARN_RANGE_LOOP_ANALYSIS = YES;
				CLANG_WARN_STRICT_PROTOTYPES = YES;
				CLANG_WARN_SUSPICIOUS_MOVE = YES;
				CLANG_WARN_UNGUARDED_AVAILABILITY = YES_AGGRESSIVE;
				CLANG_WARN_UNREACHABLE_CODE = YES;
				CLANG_WARN__DUPLICATE_METHOD_MATCH = YES;
				COPY_PHASE_STRIP = NO;
				DEBUG_INFORMATION_FORMAT = "dwarf-with-dsym";
				ENABLE_NS_ASSERTIONS = NO;
				ENABLE_STRICT_OBJC_MSGSEND = YES;
				GCC_C_LANGUAGE_STANDARD = gnu11;
				GCC_NO_COMMON_BLOCKS = YES;
				GCC_WARN_64_TO_32_BIT_CONVERSION = YES;
				GCC_WARN_ABOUT_RETURN_TYPE = YES_ERROR;
				GCC_WARN_UNDECLARED_SELECTOR = YES;
				GCC_WARN_UNINITIALIZED_AUTOS = YES_AGGRESSIVE;
				GCC_WARN_UNUSED_FUNCTION = YES;
				GCC_WARN_UNUSED_VARIABLE = YES;
				IPHONEOS_DEPLOYMENT_TARGET = 16.1;
				MTL_ENABLE_DEBUG_INFO = NO;
				MTL_FAST_MATH = YES;
				SDKROOT = iphoneos;
				SWIFT_COMPILATION_MODE = wholemodule;
				SWIFT_OPTIMIZATION_LEVEL = "-O";
				VALIDATE_PRODUCT = YES;
			};
			name = Release;
		};
		CD015C9C2D18696C000E6F7E /* Debug */ = {
			isa = XCBuildConfiguration;
			buildSettings = {
				ASSETCATALOG_COMPILER_APPICON_NAME = AppIcon;
				ASSETCATALOG_COMPILER_GLOBAL_ACCENT_COLOR_NAME = AccentColor;
				CODE_SIGN_STYLE = Automatic;
				CURRENT_PROJECT_VERSION = 1;
				DEVELOPMENT_ASSET_PATHS = "\"ToDoList/Preview Content\"";
				ENABLE_PREVIEWS = YES;
				GENERATE_INFOPLIST_FILE = YES;
				INFOPLIST_KEY_CFBundleDisplayName = "To Do List";
				INFOPLIST_KEY_UIApplicationSceneManifest_Generation = YES;
				INFOPLIST_KEY_UIApplicationSupportsIndirectInputEvents = YES;
				INFOPLIST_KEY_UILaunchScreen_Generation = YES;
				INFOPLIST_KEY_UISupportedInterfaceOrientations = UIInterfaceOrientationPortrait;
				LD_RUNPATH_SEARCH_PATHS = (
					"$(inherited)",
					"@executable_path/Frameworks",
				);
				MARKETING_VERSION = 1.0;
				PRODUCT_BUNDLE_IDENTIFIER = CihanYilmaz.ToDoListIOS;
				PRODUCT_NAME = "$(TARGET_NAME)";
				SWIFT_EMIT_LOC_STRINGS = YES;
				SWIFT_VERSION = 5.0;
				TARGETED_DEVICE_FAMILY = "1,2";
			};
			name = Debug;
		};
		CD015C9D2D18696C000E6F7E /* Release */ = {
			isa = XCBuildConfiguration;
			buildSettings = {
				ASSETCATALOG_COMPILER_APPICON_NAME = AppIcon;
				ASSETCATALOG_COMPILER_GLOBAL_ACCENT_COLOR_NAME = AccentColor;
				CODE_SIGN_STYLE = Automatic;
				CURRENT_PROJECT_VERSION = 1;
				DEVELOPMENT_ASSET_PATHS = "\"ToDoList/Preview Content\"";
				ENABLE_PREVIEWS = YES;
				GENERATE_INFOPLIST_FILE = YES;
				INFOPLIST_KEY_CFBundleDisplayName = "To Do List";
				INFOPLIST_KEY_UIApplicationSceneManifest_Generation = YES;
				INFOPLIST_KEY_UIApplicationSupportsIndirectInputEvents = YES;
				INFOPLIST_KEY_UILaunchScreen_Generation = YES;
				INFOPLIST_KEY_UISupportedInterfaceOrientations = UIInterfaceOrientationPortrait;
				LD_RUNPATH_SEARCH_PATHS = (
					"$(inherited)",
					"@executable_path/Frameworks",
				);
				MARKETING_VERSION = 1.0;
				PRODUCT_BUNDLE_IDENTIFIER = CihanYilmaz.ToDoListIOS;
				PRODUCT_NAME = "$(TARGET_NAME)";
				SWIFT_EMIT_LOC_STRINGS = YES;
				SWIFT_VERSION = 5.0;
				TARGETED_DEVICE_FAMILY = "1,2";
			};
			name = Release;
		};
		CD015C9F2D18696C000E6F7E /* Debug */ = {
			isa = XCBuildConfiguration;
			buildSettings = {
				ALWAYS_EMBED_SWIFT_STANDARD_LIBRARIES = YES;
				BUNDLE_LOADER = "$(TEST_HOST)";
				CODE_SIGN_STYLE = Automatic;
				CURRENT_PROJECT_VERSION = 1;
				GENERATE_INFOPLIST_FILE = YES;
				IPHONEOS_DEPLOYMENT_TARGET = 16.1;
				MARKETING_VERSION = 1.0;
				PRODUCT_BUNDLE_IDENTIFIER = CihanYilmaz.ToDoListTests;
				PRODUCT_NAME = "$(TARGET_NAME)";
				SWIFT_EMIT_LOC_STRINGS = NO;
				SWIFT_VERSION = 5.0;
				TARGETED_DEVICE_FAMILY = "1,2";
				TEST_HOST = "$(BUILT_PRODUCTS_DIR)/ToDoList.app/$(BUNDLE_EXECUTABLE_FOLDER_PATH)/ToDoList";
			};
			name = Debug;
		};
		CD015CA02D18696C000E6F7E /* Release */ = {
			isa = XCBuildConfiguration;
			buildSettings = {
				ALWAYS_EMBED_SWIFT_STANDARD_LIBRARIES = YES;
				BUNDLE_LOADER = "$(TEST_HOST)";
				CODE_SIGN_STYLE = Automatic;
				CURRENT_PROJECT_VERSION = 1;
				GENERATE_INFOPLIST_FILE = YES;
				IPHONEOS_DEPLOYMENT_TARGET = 16.1;
				MARKETING_VERSION = 1.0;
				PRODUCT_BUNDLE_IDENTIFIER = CihanYilmaz.ToDoListTests;
				PRODUCT_NAME = "$(TARGET_NAME)";
				SWIFT_EMIT_LOC_STRINGS = NO;
				SWIFT_VERSION = 5.0;
				TARGETED_DEVICE_FAMILY = "1,2";
				TEST_HOST = "$(BUILT_PRODUCTS_DIR)/ToDoList.app/$(BUNDLE_EXECUTABLE_FOLDER_PATH)/ToDoList";
			};
			name = Release;
		};
		CD015CA22D18696C000E6F7E /* Debug */ = {
			isa = XCBuildConfiguration;
			buildSettings = {
				ALWAYS_EMBED_SWIFT_STANDARD_LIBRARIES = YES;
				CODE_SIGN_STYLE = Automatic;
				CURRENT_PROJECT_VERSION = 1;
				GENERATE_INFOPLIST_FILE = YES;
				MARKETING_VERSION = 1.0;
				PRODUCT_BUNDLE_IDENTIFIER = CihanYilmaz.ToDoListUITests;
				PRODUCT_NAME = "$(TARGET_NAME)";
				SWIFT_EMIT_LOC_STRINGS = NO;
				SWIFT_VERSION = 5.0;
				TARGETED_DEVICE_FAMILY = "1,2";
				TEST_TARGET_NAME = ToDoList;
			};
			name = Debug;
		};
		CD015CA32D18696C000E6F7E /* Release */ = {
			isa = XCBuildConfiguration;
			buildSettings = {
				ALWAYS_EMBED_SWIFT_STANDARD_LIBRARIES = YES;
				CODE_SIGN_STYLE = Automatic;
				CURRENT_PROJECT_VERSION = 1;
				GENERATE_INFOPLIST_FILE = YES;
				MARKETING_VERSION = 1.0;
				PRODUCT_BUNDLE_IDENTIFIER = CihanYilmaz.ToDoListUITests;
				PRODUCT_NAME = "$(TARGET_NAME)";
				SWIFT_EMIT_LOC_STRINGS = NO;
				SWIFT_VERSION = 5.0;
				TARGETED_DEVICE_FAMILY = "1,2";
				TEST_TARGET_NAME = ToDoList;
			};
			name = Release;
		};
/* End XCBuildConfiguration section */

/* Begin XCConfigurationList section */
		CD015C722D186969000E6F7E /* Build configuration list for PBXProject "ToDoList" */ = {
			isa = XCConfigurationList;
			buildConfigurations = (
				CD015C992D18696C000E6F7E /* Debug */,
				CD015C9A2D18696C000E6F7E /* Release */,
			);
			defaultConfigurationIsVisible = 0;
			defaultConfigurationName = Release;
		};
		CD015C9B2D18696C000E6F7E /* Build configuration list for PBXNativeTarget "ToDoList" */ = {
			isa = XCConfigurationList;
			buildConfigurations = (
				CD015C9C2D18696C000E6F7E /* Debug */,
				CD015C9D2D18696C000E6F7E /* Release */,
			);
			defaultConfigurationIsVisible = 0;
			defaultConfigurationName = Release;
		};
		CD015C9E2D18696C000E6F7E /* Build configuration list for PBXNativeTarget "ToDoListTests" */ = {
			isa = XCConfigurationList;
			buildConfigurations = (
				CD015C9F2D18696C000E6F7E /* Debug */,
				CD015CA02D18696C000E6F7E /* Release */,
			);
			defaultConfigurationIsVisible = 0;
			defaultConfigurationName = Release;
		};
		CD015CA12D18696C000E6F7E /* Build configuration list for PBXNativeTarget "ToDoListUITests" */ = {
			isa = XCConfigurationList;
			buildConfigurations = (
				CD015CA22D18696C000E6F7E /* Debug */,
				CD015CA32D18696C000E6F7E /* Release */,
			);
			defaultConfigurationIsVisible = 0;
			defaultConfigurationName = Release;
		};
/* End XCConfigurationList section */

/* Begin XCRemoteSwiftPackageReference section */
		CD015CA42D186F94000E6F7E /* XCRemoteSwiftPackageReference "firebase-ios-sdk" */ = {
			isa = XCRemoteSwiftPackageReference;
			repositoryURL = "https://github.com/firebase/firebase-ios-sdk";
			requirement = {
				kind = upToNextMajorVersion;
				minimumVersion = 9.0.0;
			};
		};
/* End XCRemoteSwiftPackageReference section */

/* Begin XCSwiftPackageProductDependency section */
		CD015CA52D186F94000E6F7E /* FirebaseAuth */ = {
			isa = XCSwiftPackageProductDependency;
			package = CD015CA42D186F94000E6F7E /* XCRemoteSwiftPackageReference "firebase-ios-sdk" */;
			productName = FirebaseAuth;
		};
		CD015CA72D186F94000E6F7E /* FirebaseFirestore */ = {
			isa = XCSwiftPackageProductDependency;
			package = CD015CA42D186F94000E6F7E /* XCRemoteSwiftPackageReference "firebase-ios-sdk" */;
			productName = FirebaseFirestore;
		};
		CD015CA92D186F94000E6F7E /* FirebaseFirestoreSwift */ = {
			isa = XCSwiftPackageProductDependency;
			package = CD015CA42D186F94000E6F7E /* XCRemoteSwiftPackageReference "firebase-ios-sdk" */;
			productName = FirebaseFirestoreSwift;
		};
/* End XCSwiftPackageProductDependency section */
	};
	rootObject = CD015C6F2D186969000E6F7E /* Project object */;
}
